
Microsoft Visual Studio Solution File, Format Version 12.00
# Visual Studio Version 17
VisualStudioVersion = 17.7.34221.43
MinimumVisualStudioVersion = 10.0.40219.1
Project("{FAE04EC0-301F-11D3-BF4B-00C04F79EFBC}") = "BinaryTrees", "BinaryTrees\BinaryTrees.csproj", "{061ED27C-8ABD-40C8-AAD7-26CAC9EC7F50}"
EndProject
Global
	GlobalSection(SolutionConfigurationPlatforms) = preSolution
		Debug|Any CPU = Debug|Any CPU
		Release|Any CPU = Release|Any CPU
	EndGlobalSection
	GlobalSection(ProjectConfigurationPlatforms) = postSolution
		{061ED27C-8ABD-40C8-AAD7-26CAC9EC7F50}.Debug|Any CPU.ActiveCfg = Debug|Any CPU
		{061ED27C-8ABD-40C8-AAD7-26CAC9EC7F50}.Debug|Any CPU.Build.0 = Debug|Any CPU
		{061ED27C-8ABD-40C8-AAD7-26CAC9EC7F50}.Release|Any CPU.ActiveCfg = Release|Any CPU
		{061ED27C-8ABD-40C8-AAD7-26CAC9EC7F50}.Release|Any CPU.Build.0 = Release|Any CPU
	EndGlobalSection
	GlobalSection(SolutionProperties) = preSolution
		HideSolutionNode = FALSE
	EndGlobalSection
	GlobalSection(ExtensibilityGlobals) = postSolution
		SolutionGuid = {2F444D14-2FFA-4D07-B88F-0261AC94C310}
	EndGlobalSection
EndGlobal
